
Microsoft Visual Studio Solution File, Format Version 11.00
# Visual Studio 2010
Project("{FAE04EC0-301F-11D3-BF4B-00C04F79EFBC}") = "SampleApp_CSharp_GetSensor", "SampleApp_CSharp_GetSensor\SampleApp_CSharp_GetSensor.csproj", "{965683F0-78E8-43A4-9172-44134B804334}"
EndProject
Global
	GlobalSection(SolutionConfigurationPlatforms) = preSolution
		Debug|Any CPU = Debug|Any CPU
		Release|Any CPU = Release|Any CPU
	EndGlobalSection
	GlobalSection(ProjectConfigurationPlatforms) = postSolution
		{965683F0-78E8-43A4-9172-44134B804334}.Debug|Any CPU.ActiveCfg = Debug|Any CPU
		{965683F0-78E8-43A4-9172-44134B804334}.Debug|Any CPU.Build.0 = Debug|Any CPU
		{965683F0-78E8-43A4-9172-44134B804334}.Release|Any CPU.ActiveCfg = Release|Any CPU
		{965683F0-78E8-43A4-9172-44134B804334}.Release|Any CPU.Build.0 = Release|Any CPU
	EndGlobalSection
	GlobalSection(SolutionProperties) = preSolution
		HideSolutionNode = FALSE
	EndGlobalSection
EndGlobal
