
Microsoft Visual Studio Solution File, Format Version 12.00
# Visual Studio 15
VisualStudioVersion = 15.0.28307.1433
MinimumVisualStudioVersion = 10.0.40219.1
Project("{FAE04EC0-301F-11D3-BF4B-00C04F79EFBC}") = "SampleAsync_CSharp", "SampleAsync_CSharp\SampleAsync_CSharp.csproj", "{5A33462C-BEE8-4091-9FAF-EE74C359BEEB}"
EndProject
Project("{FAE04EC0-301F-11D3-BF4B-00C04F79EFBC}") = "SampleBlocking_CSharp", "SampleBlocking_CSharp\SampleBlocking_CSharp.csproj", "{8287EA2F-A7CA-4B56-AF58-4F774658528C}"
EndProject
Project("{FAE04EC0-301F-11D3-BF4B-00C04F79EFBC}") = "SampleThreads_CSharp", "SampleThreads_CSharp\SampleThreads_CSharp.csproj", "{6B6B72AE-57F6-4E2F-9F0B-A53CB2C8556A}"
EndProject
Project("{F184B08F-C81C-45F6-A57F-5ABD9991F28F}") = "SampleAsync_VB", "SampleAsync_VB\SampleAsync_VB.vbproj", "{8297AEDF-3D68-40D0-82FB-561CD7BDC056}"
EndProject
Project("{F184B08F-C81C-45F6-A57F-5ABD9991F28F}") = "SampleBlocking_VB", "SampleBlocking_VB\SampleBlocking_VB.vbproj", "{50C9E74B-C3BC-4537-8E35-C7F3C4E10E44}"
EndProject
Project("{F184B08F-C81C-45F6-A57F-5ABD9991F28F}") = "SampleThreads_VB", "SampleThreads_VB\SampleThreads_VB.vbproj", "{FED04F84-E541-4C5C-825E-76BA08E103D2}"
EndProject
Global
	GlobalSection(SolutionConfigurationPlatforms) = preSolution
		Debug|Any CPU = Debug|Any CPU
		Release|Any CPU = Release|Any CPU
	EndGlobalSection
	GlobalSection(ProjectConfigurationPlatforms) = postSolution
		{5A33462C-BEE8-4091-9FAF-EE74C359BEEB}.Debug|Any CPU.ActiveCfg = Debug|Any CPU
		{5A33462C-BEE8-4091-9FAF-EE74C359BEEB}.Debug|Any CPU.Build.0 = Debug|Any CPU
		{5A33462C-BEE8-4091-9FAF-EE74C359BEEB}.Release|Any CPU.ActiveCfg = Release|Any CPU
		{5A33462C-BEE8-4091-9FAF-EE74C359BEEB}.Release|Any CPU.Build.0 = Release|Any CPU
		{8287EA2F-A7CA-4B56-AF58-4F774658528C}.Debug|Any CPU.ActiveCfg = Debug|Any CPU
		{8287EA2F-A7CA-4B56-AF58-4F774658528C}.Debug|Any CPU.Build.0 = Debug|Any CPU
		{8287EA2F-A7CA-4B56-AF58-4F774658528C}.Release|Any CPU.ActiveCfg = Release|Any CPU
		{8287EA2F-A7CA-4B56-AF58-4F774658528C}.Release|Any CPU.Build.0 = Release|Any CPU
		{6B6B72AE-57F6-4E2F-9F0B-A53CB2C8556A}.Debug|Any CPU.ActiveCfg = Debug|Any CPU
		{6B6B72AE-57F6-4E2F-9F0B-A53CB2C8556A}.Debug|Any CPU.Build.0 = Debug|Any CPU
		{6B6B72AE-57F6-4E2F-9F0B-A53CB2C8556A}.Release|Any CPU.ActiveCfg = Release|Any CPU
		{6B6B72AE-57F6-4E2F-9F0B-A53CB2C8556A}.Release|Any CPU.Build.0 = Release|Any CPU
		{8297AEDF-3D68-40D0-82FB-561CD7BDC056}.Debug|Any CPU.ActiveCfg = Debug|Any CPU
		{8297AEDF-3D68-40D0-82FB-561CD7BDC056}.Debug|Any CPU.Build.0 = Debug|Any CPU
		{8297AEDF-3D68-40D0-82FB-561CD7BDC056}.Release|Any CPU.ActiveCfg = Release|Any CPU
		{8297AEDF-3D68-40D0-82FB-561CD7BDC056}.Release|Any CPU.Build.0 = Release|Any CPU
		{50C9E74B-C3BC-4537-8E35-C7F3C4E10E44}.Debug|Any CPU.ActiveCfg = Debug|Any CPU
		{50C9E74B-C3BC-4537-8E35-C7F3C4E10E44}.Debug|Any CPU.Build.0 = Debug|Any CPU
		{50C9E74B-C3BC-4537-8E35-C7F3C4E10E44}.Release|Any CPU.ActiveCfg = Release|Any CPU
		{50C9E74B-C3BC-4537-8E35-C7F3C4E10E44}.Release|Any CPU.Build.0 = Release|Any CPU
		{FED04F84-E541-4C5C-825E-76BA08E103D2}.Debug|Any CPU.ActiveCfg = Debug|Any CPU
		{FED04F84-E541-4C5C-825E-76BA08E103D2}.Debug|Any CPU.Build.0 = Debug|Any CPU
		{FED04F84-E541-4C5C-825E-76BA08E103D2}.Release|Any CPU.ActiveCfg = Release|Any CPU
		{FED04F84-E541-4C5C-825E-76BA08E103D2}.Release|Any CPU.Build.0 = Release|Any CPU
	EndGlobalSection
	GlobalSection(SolutionProperties) = preSolution
		HideSolutionNode = FALSE
	EndGlobalSection
	GlobalSection(ExtensibilityGlobals) = postSolution
		SolutionGuid = {34EC8CB7-DFA1-4109-B04C-63E92B9CD33E}
	EndGlobalSection
EndGlobal
